// !$*UTF8*$!
{
	archiveVersion = 1;
	classes = {
	};
	objectVersion = 50;
	objects = {

/* Begin PBXBuildFile section */
		145E581924045F4B003C6867 /* AppDelegate.swift in Sources */ = {isa = PBXBuildFile; fileRef = 145E581824045F4B003C6867 /* AppDelegate.swift */; };
		145E581B24045F4B003C6867 /* SceneDelegate.swift in Sources */ = {isa = PBXBuildFile; fileRef = 145E581A24045F4B003C6867 /* SceneDelegate.swift */; };
		145E581D24045F4B003C6867 /* SignInViewController.swift in Sources */ = {isa = PBXBuildFile; fileRef = 145E581C24045F4B003C6867 /* SignInViewController.swift */; };
		145E582224045F4F003C6867 /* Assets.xcassets in Resources */ = {isa = PBXBuildFile; fileRef = 145E582124045F4F003C6867 /* Assets.xcassets */; };
		145E582524045F4F003C6867 /* LaunchScreen.storyboard in Resources */ = {isa = PBXBuildFile; fileRef = 145E582324045F4F003C6867 /* LaunchScreen.storyboard */; };
		145E582D240462D7003C6867 /* SignUpViewController.swift in Sources */ = {isa = PBXBuildFile; fileRef = 145E582C240462D7003C6867 /* SignUpViewController.swift */; };
		145E582F24051CA7003C6867 /* HomeViewController.swift in Sources */ = {isa = PBXBuildFile; fileRef = 145E582E24051CA7003C6867 /* HomeViewController.swift */; };
		145E583124051CB3003C6867 /* CameraViewController.swift in Sources */ = {isa = PBXBuildFile; fileRef = 145E583024051CB3003C6867 /* CameraViewController.swift */; };
		145E583324051CBD003C6867 /* DiscoverViewController.swift in Sources */ = {isa = PBXBuildFile; fileRef = 145E583224051CBD003C6867 /* DiscoverViewController.swift */; };
		145E583524051CCA003C6867 /* ActivityViewController.swift in Sources */ = {isa = PBXBuildFile; fileRef = 145E583424051CCA003C6867 /* ActivityViewController.swift */; };
		145E583724051CD6003C6867 /* ProfileViewController.swift in Sources */ = {isa = PBXBuildFile; fileRef = 145E583624051CD6003C6867 /* ProfileViewController.swift */; };
		1463714A24052B7500FA9FAE /* Main.storyboard in Resources */ = {isa = PBXBuildFile; fileRef = 1463714924052B7500FA9FAE /* Main.storyboard */; };
		1463714C24052BAC00FA9FAE /* Home.storyboard in Resources */ = {isa = PBXBuildFile; fileRef = 1463714B24052BAC00FA9FAE /* Home.storyboard */; };
		1463714E24052BDE00FA9FAE /* Discover.storyboard in Resources */ = {isa = PBXBuildFile; fileRef = 1463714D24052BDE00FA9FAE /* Discover.storyboard */; };
		1463715024052C0300FA9FAE /* Camera.storyboard in Resources */ = {isa = PBXBuildFile; fileRef = 1463714F24052C0300FA9FAE /* Camera.storyboard */; };
		1463715224052C2300FA9FAE /* Activity.storyboard in Resources */ = {isa = PBXBuildFile; fileRef = 1463715124052C2300FA9FAE /* Activity.storyboard */; };
		1463715424052C3B00FA9FAE /* Profile.storyboard in Resources */ = {isa = PBXBuildFile; fileRef = 1463715324052C3B00FA9FAE /* Profile.storyboard */; };
		146371592405431600FA9FAE /* Start.storyboard in Resources */ = {isa = PBXBuildFile; fileRef = 146371582405431600FA9FAE /* Start.storyboard */; };
		14D8EF712405479500139E42 /* GoogleService-Info.plist in Resources */ = {isa = PBXBuildFile; fileRef = 14D8EF702405479500139E42 /* GoogleService-Info.plist */; };
		25C22164529248A8F587100E /* Pods_FireGram.framework in Frameworks */ = {isa = PBXBuildFile; fileRef = B53233F74B823E19C1F11480 /* Pods_FireGram.framework */; };
/* End PBXBuildFile section */

/* Begin PBXFileReference section */
		145E581524045F4B003C6867 /* FireGram.app */ = {isa = PBXFileReference; explicitFileType = wrapper.application; includeInIndex = 0; path = FireGram.app; sourceTree = BUILT_PRODUCTS_DIR; };
		145E581824045F4B003C6867 /* AppDelegate.swift */ = {isa = PBXFileReference; lastKnownFileType = sourcecode.swift; path = AppDelegate.swift; sourceTree = "<group>"; };
		145E581A24045F4B003C6867 /* SceneDelegate.swift */ = {isa = PBXFileReference; lastKnownFileType = sourcecode.swift; path = SceneDelegate.swift; sourceTree = "<group>"; };
		145E581C24045F4B003C6867 /* SignInViewController.swift */ = {isa = PBXFileReference; lastKnownFileType = sourcecode.swift; path = SignInViewController.swift; sourceTree = "<group>"; };
		145E582124045F4F003C6867 /* Assets.xcassets */ = {isa = PBXFileReference; lastKnownFileType = folder.assetcatalog; path = Assets.xcassets; sourceTree = "<group>"; };
		145E582424045F4F003C6867 /* Base */ = {isa = PBXFileReference; lastKnownFileType = file.storyboard; name = Base; path = Base.lproj/LaunchScreen.storyboard; sourceTree = "<group>"; };
		145E582624045F4F003C6867 /* Info.plist */ = {isa = PBXFileReference; lastKnownFileType = text.plist.xml; path = Info.plist; sourceTree = "<group>"; };
		145E582C240462D7003C6867 /* SignUpViewController.swift */ = {isa = PBXFileReference; lastKnownFileType = sourcecode.swift; path = SignUpViewController.swift; sourceTree = "<group>"; };
		145E582E24051CA7003C6867 /* HomeViewController.swift */ = {isa = PBXFileReference; lastKnownFileType = sourcecode.swift; path = HomeViewController.swift; sourceTree = "<group>"; };
		145E583024051CB3003C6867 /* CameraViewController.swift */ = {isa = PBXFileReference; lastKnownFileType = sourcecode.swift; path = CameraViewController.swift; sourceTree = "<group>"; };
		145E583224051CBD003C6867 /* DiscoverViewController.swift */ = {isa = PBXFileReference; lastKnownFileType = sourcecode.swift; path = DiscoverViewController.swift; sourceTree = "<group>"; };
		145E583424051CCA003C6867 /* ActivityViewController.swift */ = {isa = PBXFileReference; lastKnownFileType = sourcecode.swift; path = ActivityViewController.swift; sourceTree = "<group>"; };
		145E583624051CD6003C6867 /* ProfileViewController.swift */ = {isa = PBXFileReference; lastKnownFileType = sourcecode.swift; path = ProfileViewController.swift; sourceTree = "<group>"; };
		1463714924052B7500FA9FAE /* Main.storyboard */ = {isa = PBXFileReference; lastKnownFileType = file.storyboard; path = Main.storyboard; sourceTree = "<group>"; };
		1463714B24052BAC00FA9FAE /* Home.storyboard */ = {isa = PBXFileReference; fileEncoding = 4; lastKnownFileType = file.storyboard; path = Home.storyboard; sourceTree = "<group>"; };
		1463714D24052BDE00FA9FAE /* Discover.storyboard */ = {isa = PBXFileReference; fileEncoding = 4; lastKnownFileType = file.storyboard; path = Discover.storyboard; sourceTree = "<group>"; };
		1463714F24052C0300FA9FAE /* Camera.storyboard */ = {isa = PBXFileReference; fileEncoding = 4; lastKnownFileType = file.storyboard; path = Camera.storyboard; sourceTree = "<group>"; };
		1463715124052C2300FA9FAE /* Activity.storyboard */ = {isa = PBXFileReference; fileEncoding = 4; lastKnownFileType = file.storyboard; path = Activity.storyboard; sourceTree = "<group>"; };
		1463715324052C3B00FA9FAE /* Profile.storyboard */ = {isa = PBXFileReference; fileEncoding = 4; lastKnownFileType = file.storyboard; path = Profile.storyboard; sourceTree = "<group>"; };
		146371582405431600FA9FAE /* Start.storyboard */ = {isa = PBXFileReference; lastKnownFileType = file.storyboard; path = Start.storyboard; sourceTree = "<group>"; };
		14D8EF702405479500139E42 /* GoogleService-Info.plist */ = {isa = PBXFileReference; fileEncoding = 4; lastKnownFileType = text.plist.xml; path = "GoogleService-Info.plist"; sourceTree = "<group>"; };
		B53233F74B823E19C1F11480 /* Pods_FireGram.framework */ = {isa = PBXFileReference; explicitFileType = wrapper.framework; includeInIndex = 0; path = Pods_FireGram.framework; sourceTree = BUILT_PRODUCTS_DIR; };
		DF4B65BFC0B09B993463F92D /* Pods-FireGram.release.xcconfig */ = {isa = PBXFileReference; includeInIndex = 1; lastKnownFileType = text.xcconfig; name = "Pods-FireGram.release.xcconfig"; path = "Target Support Files/Pods-FireGram/Pods-FireGram.release.xcconfig"; sourceTree = "<group>"; };
		EC50F726D5E88571B1A0C5C8 /* Pods-FireGram.debug.xcconfig */ = {isa = PBXFileReference; includeInIndex = 1; lastKnownFileType = text.xcconfig; name = "Pods-FireGram.debug.xcconfig"; path = "Target Support Files/Pods-FireGram/Pods-FireGram.debug.xcconfig"; sourceTree = "<group>"; };
/* End PBXFileReference section */

/* Begin PBXFrameworksBuildPhase section */
		145E581224045F4B003C6867 /* Frameworks */ = {
			isa = PBXFrameworksBuildPhase;
			buildActionMask = 2147483647;
			files = (
				25C22164529248A8F587100E /* Pods_FireGram.framework in Frameworks */,
			);
			runOnlyForDeploymentPostprocessing = 0;
		};
/* End PBXFrameworksBuildPhase section */

/* Begin PBXGroup section */
		145E580C24045F4B003C6867 = {
			isa = PBXGroup;
			children = (
				145E581724045F4B003C6867 /* FireGram */,
				145E581624045F4B003C6867 /* Products */,
				4130A12A98AAD75D42D74AE1 /* Pods */,
				3A2ED4900D1C2B8689E2DD93 /* Frameworks */,
			);
			sourceTree = "<group>";
		};
		145E581624045F4B003C6867 /* Products */ = {
			isa = PBXGroup;
			children = (
				145E581524045F4B003C6867 /* FireGram.app */,
			);
			name = Products;
			sourceTree = "<group>";
		};
		145E581724045F4B003C6867 /* FireGram */ = {
			isa = PBXGroup;
			children = (
				145E581824045F4B003C6867 /* AppDelegate.swift */,
				14D8EF702405479500139E42 /* GoogleService-Info.plist */,
				14637157240540C100FA9FAE /* View Controllers */,
				146371562405406500FA9FAE /* Storyboards */,
				145E582124045F4F003C6867 /* Assets.xcassets */,
				145E582324045F4F003C6867 /* LaunchScreen.storyboard */,
				145E582624045F4F003C6867 /* Info.plist */,
			);
			path = FireGram;
			sourceTree = "<group>";
		};
		146371562405406500FA9FAE /* Storyboards */ = {
			isa = PBXGroup;
			children = (
				1463714924052B7500FA9FAE /* Main.storyboard */,
				1463715324052C3B00FA9FAE /* Profile.storyboard */,
				1463715124052C2300FA9FAE /* Activity.storyboard */,
				1463714F24052C0300FA9FAE /* Camera.storyboard */,
				1463714D24052BDE00FA9FAE /* Discover.storyboard */,
				1463714B24052BAC00FA9FAE /* Home.storyboard */,
				146371582405431600FA9FAE /* Start.storyboard */,
			);
			path = Storyboards;
			sourceTree = "<group>";
		};
		14637157240540C100FA9FAE /* View Controllers */ = {
			isa = PBXGroup;
			children = (
				145E582E24051CA7003C6867 /* HomeViewController.swift */,
				145E583024051CB3003C6867 /* CameraViewController.swift */,
				145E583224051CBD003C6867 /* DiscoverViewController.swift */,
				145E583424051CCA003C6867 /* ActivityViewController.swift */,
				145E583624051CD6003C6867 /* ProfileViewController.swift */,
				145E581A24045F4B003C6867 /* SceneDelegate.swift */,
				145E581C24045F4B003C6867 /* SignInViewController.swift */,
				145E582C240462D7003C6867 /* SignUpViewController.swift */,
			);
			path = "View Controllers";
			sourceTree = "<group>";
		};
		3A2ED4900D1C2B8689E2DD93 /* Frameworks */ = {
			isa = PBXGroup;
			children = (
				B53233F74B823E19C1F11480 /* Pods_FireGram.framework */,
			);
			name = Frameworks;
			sourceTree = "<group>";
		};
		4130A12A98AAD75D42D74AE1 /* Pods */ = {
			isa = PBXGroup;
			children = (
				EC50F726D5E88571B1A0C5C8 /* Pods-FireGram.debug.xcconfig */,
				DF4B65BFC0B09B993463F92D /* Pods-FireGram.release.xcconfig */,
			);
			path = Pods;
			sourceTree = "<group>";
		};
/* End PBXGroup section */

/* Begin PBXNativeTarget section */
		145E581424045F4B003C6867 /* FireGram */ = {
			isa = PBXNativeTarget;
			buildConfigurationList = 145E582924045F4F003C6867 /* Build configuration list for PBXNativeTarget "FireGram" */;
			buildPhases = (
				8F899A454E82AD62AE1E4E89 /* [CP] Check Pods Manifest.lock */,
				145E581124045F4B003C6867 /* Sources */,
				145E581224045F4B003C6867 /* Frameworks */,
				145E581324045F4B003C6867 /* Resources */,
				4826B75396AF85CC5DC272D2 /* [CP] Embed Pods Frameworks */,
			);
			buildRules = (
			);
			dependencies = (
			);
			name = FireGram;
			productName = FireGram;
			productReference = 145E581524045F4B003C6867 /* FireGram.app */;
			productType = "com.apple.product-type.application";
		};
/* End PBXNativeTarget section */

/* Begin PBXProject section */
		145E580D24045F4B003C6867 /* Project object */ = {
			isa = PBXProject;
			attributes = {
				LastSwiftUpdateCheck = 1130;
				LastUpgradeCheck = 1130;
				ORGANIZATIONNAME = "Iniongun Group";
				TargetAttributes = {
					145E581424045F4B003C6867 = {
						CreatedOnToolsVersion = 11.3.1;
					};
				};
			};
			buildConfigurationList = 145E581024045F4B003C6867 /* Build configuration list for PBXProject "FireGram" */;
			compatibilityVersion = "Xcode 9.3";
			developmentRegion = en;
			hasScannedForEncodings = 0;
			knownRegions = (
				en,
				Base,
			);
			mainGroup = 145E580C24045F4B003C6867;
			productRefGroup = 145E581624045F4B003C6867 /* Products */;
			projectDirPath = "";
			projectRoot = "";
			targets = (
				145E581424045F4B003C6867 /* FireGram */,
			);
		};
/* End PBXProject section */

/* Begin PBXResourcesBuildPhase section */
		145E581324045F4B003C6867 /* Resources */ = {
			isa = PBXResourcesBuildPhase;
			buildActionMask = 2147483647;
			files = (
				145E582524045F4F003C6867 /* LaunchScreen.storyboard in Resources */,
				1463715024052C0300FA9FAE /* Camera.storyboard in Resources */,
				1463714C24052BAC00FA9FAE /* Home.storyboard in Resources */,
				1463714A24052B7500FA9FAE /* Main.storyboard in Resources */,
				145E582224045F4F003C6867 /* Assets.xcassets in Resources */,
				146371592405431600FA9FAE /* Start.storyboard in Resources */,
				1463715424052C3B00FA9FAE /* Profile.storyboard in Resources */,
				1463714E24052BDE00FA9FAE /* Discover.storyboard in Resources */,
				14D8EF712405479500139E42 /* GoogleService-Info.plist in Resources */,
				1463715224052C2300FA9FAE /* Activity.storyboard in Resources */,
			);
			runOnlyForDeploymentPostprocessing = 0;
		};
/* End PBXResourcesBuildPhase section */

/* Begin PBXShellScriptBuildPhase section */
		4826B75396AF85CC5DC272D2 /* [CP] Embed Pods Frameworks */ = {
			isa = PBXShellScriptBuildPhase;
			buildActionMask = 2147483647;
			files = (
			);
			inputFileListPaths = (
				"${PODS_ROOT}/Target Support Files/Pods-FireGram/Pods-FireGram-frameworks-${CONFIGURATION}-input-files.xcfilelist",
			);
			name = "[CP] Embed Pods Frameworks";
			outputFileListPaths = (
				"${PODS_ROOT}/Target Support Files/Pods-FireGram/Pods-FireGram-frameworks-${CONFIGURATION}-output-files.xcfilelist",
			);
			runOnlyForDeploymentPostprocessing = 0;
			shellPath = /bin/sh;
			shellScript = "\"${PODS_ROOT}/Target Support Files/Pods-FireGram/Pods-FireGram-frameworks.sh\"\n";
			showEnvVarsInLog = 0;
		};
		8F899A454E82AD62AE1E4E89 /* [CP] Check Pods Manifest.lock */ = {
			isa = PBXShellScriptBuildPhase;
			buildActionMask = 2147483647;
			files = (
			);
			inputFileListPaths = (
			);
			inputPaths = (
				"${PODS_PODFILE_DIR_PATH}/Podfile.lock",
				"${PODS_ROOT}/Manifest.lock",
			);
			name = "[CP] Check Pods Manifest.lock";
			outputFileListPaths = (
			);
			outputPaths = (
				"$(DERIVED_FILE_DIR)/Pods-FireGram-checkManifestLockResult.txt",
			);
			runOnlyForDeploymentPostprocessing = 0;
			shellPath = /bin/sh;
			shellScript = "diff \"${PODS_PODFILE_DIR_PATH}/Podfile.lock\" \"${PODS_ROOT}/Manifest.lock\" > /dev/null\nif [ $? != 0 ] ; then\n    # print error to STDERR\n    echo \"error: The sandbox is not in sync with the Podfile.lock. Run 'pod install' or update your CocoaPods installation.\" >&2\n    exit 1\nfi\n# This output is used by Xcode 'outputs' to avoid re-running this script phase.\necho \"SUCCESS\" > \"${SCRIPT_OUTPUT_FILE_0}\"\n";
			showEnvVarsInLog = 0;
		};
/* End PBXShellScriptBuildPhase section */

/* Begin PBXSourcesBuildPhase section */
		145E581124045F4B003C6867 /* Sources */ = {
			isa = PBXSourcesBuildPhase;
			buildActionMask = 2147483647;
			files = (
				145E582F24051CA7003C6867 /* HomeViewController.swift in Sources */,
				145E581D24045F4B003C6867 /* SignInViewController.swift in Sources */,
				145E583324051CBD003C6867 /* DiscoverViewController.swift in Sources */,
				145E583524051CCA003C6867 /* ActivityViewController.swift in Sources */,
				145E581924045F4B003C6867 /* AppDelegate.swift in Sources */,
				145E582D240462D7003C6867 /* SignUpViewController.swift in Sources */,
				145E583724051CD6003C6867 /* ProfileViewController.swift in Sources */,
				145E581B24045F4B003C6867 /* SceneDelegate.swift in Sources */,
				145E583124051CB3003C6867 /* CameraViewController.swift in Sources */,
			);
			runOnlyForDeploymentPostprocessing = 0;
		};
/* End PBXSourcesBuildPhase section */

/* Begin PBXVariantGroup section */
		145E582324045F4F003C6867 /* LaunchScreen.storyboard */ = {
			isa = PBXVariantGroup;
			children = (
				145E582424045F4F003C6867 /* Base */,
			);
			name = LaunchScreen.storyboard;
			sourceTree = "<group>";
		};
/* End PBXVariantGroup section */

/* Begin XCBuildConfiguration section */
		145E582724045F4F003C6867 /* Debug */ = {
			isa = XCBuildConfiguration;
			buildSettings = {
				ALWAYS_SEARCH_USER_PATHS = NO;
				CLANG_ANALYZER_NONNULL = YES;
				CLANG_ANALYZER_NUMBER_OBJECT_CONVERSION = YES_AGGRESSIVE;
				CLANG_CXX_LANGUAGE_STANDARD = "gnu++14";
				CLANG_CXX_LIBRARY = "libc++";
				CLANG_ENABLE_MODULES = YES;
				CLANG_ENABLE_OBJC_ARC = YES;
				CLANG_ENABLE_OBJC_WEAK = YES;
				CLANG_WARN_BLOCK_CAPTURE_AUTORELEASING = YES;
				CLANG_WARN_BOOL_CONVERSION = YES;
				CLANG_WARN_COMMA = YES;
				CLANG_WARN_CONSTANT_CONVERSION = YES;
				CLANG_WARN_DEPRECATED_OBJC_IMPLEMENTATIONS = YES;
				CLANG_WARN_DIRECT_OBJC_ISA_USAGE = YES_ERROR;
				CLANG_WARN_DOCUMENTATION_COMMENTS = YES;
				CLANG_WARN_EMPTY_BODY = YES;
				CLANG_WARN_ENUM_CONVERSION = YES;
				CLANG_WARN_INFINITE_RECURSION = YES;
				CLANG_WARN_INT_CONVERSION = YES;
				CLANG_WARN_NON_LITERAL_NULL_CONVERSION = YES;
				CLANG_WARN_OBJC_IMPLICIT_RETAIN_SELF = YES;
				CLANG_WARN_OBJC_LITERAL_CONVERSION = YES;
				CLANG_WARN_OBJC_ROOT_CLASS = YES_ERROR;
				CLANG_WARN_RANGE_LOOP_ANALYSIS = YES;
				CLANG_WARN_STRICT_PROTOTYPES = YES;
				CLANG_WARN_SUSPICIOUS_MOVE = YES;
				CLANG_WARN_UNGUARDED_AVAILABILITY = YES_AGGRESSIVE;
				CLANG_WARN_UNREACHABLE_CODE = YES;
				CLANG_WARN__DUPLICATE_METHOD_MATCH = YES;
				COPY_PHASE_STRIP = NO;
				DEBUG_INFORMATION_FORMAT = dwarf;
				ENABLE_STRICT_OBJC_MSGSEND = YES;
				ENABLE_TESTABILITY = YES;
				GCC_C_LANGUAGE_STANDARD = gnu11;
				GCC_DYNAMIC_NO_PIC = NO;
				GCC_NO_COMMON_BLOCKS = YES;
				GCC_OPTIMIZATION_LEVEL = 0;
				GCC_PREPROCESSOR_DEFINITIONS = (
					"DEBUG=1",
					"$(inherited)",
				);
				GCC_WARN_64_TO_32_BIT_CONVERSION = YES;
				GCC_WARN_ABOUT_RETURN_TYPE = YES_ERROR;
				GCC_WARN_UNDECLARED_SELECTOR = YES;
				GCC_WARN_UNINITIALIZED_AUTOS = YES_AGGRESSIVE;
				GCC_WARN_UNUSED_FUNCTION = YES;
				GCC_WARN_UNUSED_VARIABLE = YES;
				IPHONEOS_DEPLOYMENT_TARGET = 13.2;
				MTL_ENABLE_DEBUG_INFO = INCLUDE_SOURCE;
				MTL_FAST_MATH = YES;
				ONLY_ACTIVE_ARCH = YES;
				SDKROOT = iphoneos;
				SWIFT_ACTIVE_COMPILATION_CONDITIONS = DEBUG;
				SWIFT_OPTIMIZATION_LEVEL = "-Onone";
			};
			name = Debug;
		};
		145E582824045F4F003C6867 /* Release */ = {
			isa = XCBuildConfiguration;
			buildSettings = {
				ALWAYS_SEARCH_USER_PATHS = NO;
				CLANG_ANALYZER_NONNULL = YES;
				CLANG_ANALYZER_NUMBER_OBJECT_CONVERSION = YES_AGGRESSIVE;
				CLANG_CXX_LANGUAGE_STANDARD = "gnu++14";
				CLANG_CXX_LIBRARY = "libc++";
				CLANG_ENABLE_MODULES = YES;
				CLANG_ENABLE_OBJC_ARC = YES;
				CLANG_ENABLE_OBJC_WEAK = YES;
				CLANG_WARN_BLOCK_CAPTURE_AUTORELEASING = YES;
				CLANG_WARN_BOOL_CONVERSION = YES;
				CLANG_WARN_COMMA = YES;
				CLANG_WARN_CONSTANT_CONVERSION = YES;
				CLANG_WARN_DEPRECATED_OBJC_IMPLEMENTATIONS = YES;
				CLANG_WARN_DIRECT_OBJC_ISA_USAGE = YES_ERROR;
				CLANG_WARN_DOCUMENTATION_COMMENTS = YES;
				CLANG_WARN_EMPTY_BODY = YES;
				CLANG_WARN_ENUM_CONVERSION = YES;
				CLANG_WARN_INFINITE_RECURSION = YES;
				CLANG_WARN_INT_CONVERSION = YES;
				CLANG_WARN_NON_LITERAL_NULL_CONVERSION = YES;
				CLANG_WARN_OBJC_IMPLICIT_RETAIN_SELF = YES;
				CLANG_WARN_OBJC_LITERAL_CONVERSION = YES;
				CLANG_WARN_OBJC_ROOT_CLASS = YES_ERROR;
				CLANG_WARN_RANGE_LOOP_ANALYSIS = YES;
				CLANG_WARN_STRICT_PROTOTYPES = YES;
				CLANG_WARN_SUSPICIOUS_MOVE = YES;
				CLANG_WARN_UNGUARDED_AVAILABILITY = YES_AGGRESSIVE;
				CLANG_WARN_UNREACHABLE_CODE = YES;
				CLANG_WARN__DUPLICATE_METHOD_MATCH = YES;
				COPY_PHASE_STRIP = NO;
				DEBUG_INFORMATION_FORMAT = "dwarf-with-dsym";
				ENABLE_NS_ASSERTIONS = NO;
				ENABLE_STRICT_OBJC_MSGSEND = YES;
				GCC_C_LANGUAGE_STANDARD = gnu11;
				GCC_NO_COMMON_BLOCKS = YES;
				GCC_WARN_64_TO_32_BIT_CONVERSION = YES;
				GCC_WARN_ABOUT_RETURN_TYPE = YES_ERROR;
				GCC_WARN_UNDECLARED_SELECTOR = YES;
				GCC_WARN_UNINITIALIZED_AUTOS = YES_AGGRESSIVE;
				GCC_WARN_UNUSED_FUNCTION = YES;
				GCC_WARN_UNUSED_VARIABLE = YES;
				IPHONEOS_DEPLOYMENT_TARGET = 13.2;
				MTL_ENABLE_DEBUG_INFO = NO;
				MTL_FAST_MATH = YES;
				SDKROOT = iphoneos;
				SWIFT_COMPILATION_MODE = wholemodule;
				SWIFT_OPTIMIZATION_LEVEL = "-O";
				VALIDATE_PRODUCT = YES;
			};
			name = Release;
		};
		145E582A24045F4F003C6867 /* Debug */ = {
			isa = XCBuildConfiguration;
			baseConfigurationReference = EC50F726D5E88571B1A0C5C8 /* Pods-FireGram.debug.xcconfig */;
			buildSettings = {
				ASSETCATALOG_COMPILER_APPICON_NAME = AppIcon;
				CODE_SIGN_STYLE = Automatic;
				DEVELOPMENT_TEAM = 3W6S8FM5ZF;
				INFOPLIST_FILE = FireGram/Info.plist;
				LD_RUNPATH_SEARCH_PATHS = (
					"$(inherited)",
					"@executable_path/Frameworks",
				);
				PRODUCT_BUNDLE_IDENTIFIER = com.iniongungroup.mobile.ios.FireGram;
				PRODUCT_NAME = "$(TARGET_NAME)";
				SWIFT_VERSION = 5.0;
				TARGETED_DEVICE_FAMILY = "1,2";
			};
			name = Debug;
		};
		145E582B24045F4F003C6867 /* Release */ = {
			isa = XCBuildConfiguration;
			baseConfigurationReference = DF4B65BFC0B09B993463F92D /* Pods-FireGram.release.xcconfig */;
			buildSettings = {
				ASSETCATALOG_COMPILER_APPICON_NAME = AppIcon;
				CODE_SIGN_STYLE = Automatic;
				DEVELOPMENT_TEAM = 3W6S8FM5ZF;
				INFOPLIST_FILE = FireGram/Info.plist;
				LD_RUNPATH_SEARCH_PATHS = (
					"$(inherited)",
					"@executable_path/Frameworks",
				);
				PRODUCT_BUNDLE_IDENTIFIER = com.iniongungroup.mobile.ios.FireGram;
				PRODUCT_NAME = "$(TARGET_NAME)";
				SWIFT_VERSION = 5.0;
				TARGETED_DEVICE_FAMILY = "1,2";
			};
			name = Release;
		};
/* End XCBuildConfiguration section */

/* Begin XCConfigurationList section */
		145E581024045F4B003C6867 /* Build configuration list for PBXProject "FireGram" */ = {
			isa = XCConfigurationList;
			buildConfigurations = (
				145E582724045F4F003C6867 /* Debug */,
				145E582824045F4F003C6867 /* Release */,
			);
			defaultConfigurationIsVisible = 0;
			defaultConfigurationName = Release;
		};
		145E582924045F4F003C6867 /* Build configuration list for PBXNativeTarget "FireGram" */ = {
			isa = XCConfigurationList;
			buildConfigurations = (
				145E582A24045F4F003C6867 /* Debug */,
				145E582B24045F4F003C6867 /* Release */,
			);
			defaultConfigurationIsVisible = 0;
			defaultConfigurationName = Release;
		};
/* End XCConfigurationList section */
	};
	rootObject = 145E580D24045F4B003C6867 /* Project object */;
}
